
Microsoft Visual Studio Solution File, Format Version 12.00
# Visual Studio Version 17
VisualStudioVersion = 17.11.35312.102
MinimumVisualStudioVersion = 10.0.40219.1
Project("{FAE04EC0-301F-11D3-BF4B-00C04F79EFBC}") = "abstr_Fabric", "abstr_Fabric\abstr_Fabric.csproj", "{244750A8-E61C-47DF-BD4F-63E21AD42227}"
EndProject
Global
	GlobalSection(SolutionConfigurationPlatforms) = preSolution
		Debug|Any CPU = Debug|Any CPU
		Release|Any CPU = Release|Any CPU
	EndGlobalSection
	GlobalSection(ProjectConfigurationPlatforms) = postSolution
		{244750A8-E61C-47DF-BD4F-63E21AD42227}.Debug|Any CPU.ActiveCfg = Debug|Any CPU
		{244750A8-E61C-47DF-BD4F-63E21AD42227}.Debug|Any CPU.Build.0 = Debug|Any CPU
		{244750A8-E61C-47DF-BD4F-63E21AD42227}.Release|Any CPU.ActiveCfg = Release|Any CPU
		{244750A8-E61C-47DF-BD4F-63E21AD42227}.Release|Any CPU.Build.0 = Release|Any CPU
	EndGlobalSection
	GlobalSection(SolutionProperties) = preSolution
		HideSolutionNode = FALSE
	EndGlobalSection
	GlobalSection(ExtensibilityGlobals) = postSolution
		SolutionGuid = {0B418916-FD0C-47BC-9588-B9B572F45F8E}
	EndGlobalSection
EndGlobal
